
Microsoft Visual Studio Solution File, Format Version 12.00
# Visual Studio 15
Project("{FAE04EC0-301F-11D3-BF4B-00C04F79EFBC}") = "UnityEngine.TestRunner", "UnityEngine.TestRunner.csproj", "{D69C278C-4115-03E3-98EA-7B9899B32F66}"
EndProject
Project("{FAE04EC0-301F-11D3-BF4B-00C04F79EFBC}") = "Unity.Mathematics", "Unity.Mathematics.csproj", "{3A4448F3-EA9E-CCB1-F0E2-60CB10F84871}"
EndProject
Project("{FAE04EC0-301F-11D3-BF4B-00C04F79EFBC}") = "Unity.Timeline", "Unity.Timeline.csproj", "{8F2DD557-1632-74D2-78D6-04DACE128FBF}"
EndProject
Project("{FAE04EC0-301F-11D3-BF4B-00C04F79EFBC}") = "UnityEngine.UI", "UnityEngine.UI.csproj", "{E42CA1F1-FFEF-2CA8-99A9-35C0AC5D10E1}"
EndProject
Project("{FAE04EC0-301F-11D3-BF4B-00C04F79EFBC}") = "Unity.TextMeshPro", "Unity.TextMeshPro.csproj", "{C653CE62-1525-77F9-2BD7-5BA88EC1F7C3}"
EndProject
Project("{FAE04EC0-301F-11D3-BF4B-00C04F79EFBC}") = "Unity.2D.Animation.Runtime", "Unity.2D.Animation.Runtime.csproj", "{791F1D33-26F0-EB36-ADA2-F0D30AF7434A}"
EndProject
Project("{FAE04EC0-301F-11D3-BF4B-00C04F79EFBC}") = "Unity.2D.IK.Runtime", "Unity.2D.IK.Runtime.csproj", "{C77E85F3-1BDB-987E-7F2D-AF26979A423A}"
EndProject
Project("{FAE04EC0-301F-11D3-BF4B-00C04F79EFBC}") = "Unity.Notifications.Android", "Unity.Notifications.Android.csproj", "{94D2E969-DD70-9779-F6E4-83DD966A5EE6}"
EndProject
Project("{FAE04EC0-301F-11D3-BF4B-00C04F79EFBC}") = "Unity.2D.SpriteShape.Runtime", "Unity.2D.SpriteShape.Runtime.csproj", "{C3572729-5024-48C8-C87D-4237C917F215}"
EndProject
Project("{FAE04EC0-301F-11D3-BF4B-00C04F79EFBC}") = "Unity.Notifications.iOS", "Unity.Notifications.iOS.csproj", "{C5239386-4961-60BE-7EC2-DD20A9772E11}"
EndProject
Project("{FAE04EC0-301F-11D3-BF4B-00C04F79EFBC}") = "Unity.2D.PixelPerfect", "Unity.2D.PixelPerfect.csproj", "{8FC65697-FB15-CA64-895F-AEB0C260AB0E}"
EndProject
Project("{FAE04EC0-301F-11D3-BF4B-00C04F79EFBC}") = "Unity.2D.Common.Runtime", "Unity.2D.Common.Runtime.csproj", "{D52F17CE-E434-4210-4536-9075AF3D9D1C}"
EndProject
Project("{FAE04EC0-301F-11D3-BF4B-00C04F79EFBC}") = "Unity.InternalAPIEngineBridge.001", "Unity.InternalAPIEngineBridge.001.csproj", "{2A48A194-077D-BBDC-715A-66E4227E190C}"
EndProject
Project("{FAE04EC0-301F-11D3-BF4B-00C04F79EFBC}") = "Assembly-CSharp", "Assembly-CSharp.csproj", "{B2680491-A243-F69D-0B42-C55922A72585}"
EndProject
Project("{FAE04EC0-301F-11D3-BF4B-00C04F79EFBC}") = "UnityEditor.TestRunner", "UnityEditor.TestRunner.csproj", "{C87C19AB-6A71-500F-EA5D-82B1EECC2F74}"
EndProject
Project("{FAE04EC0-301F-11D3-BF4B-00C04F79EFBC}") = "Unity.PlasticSCM.Editor", "Unity.PlasticSCM.Editor.csproj", "{F98C24BA-87FC-9E7D-7A3F-05314998DBF6}"
EndProject
Project("{FAE04EC0-301F-11D3-BF4B-00C04F79EFBC}") = "Unity.2D.Animation.Triangle.Editor", "Unity.2D.Animation.Triangle.Editor.csproj", "{C4DD1748-070E-ADFC-93B5-41A7C638F6DD}"
EndProject
Project("{FAE04EC0-301F-11D3-BF4B-00C04F79EFBC}") = "UnityEditor.UI", "UnityEditor.UI.csproj", "{50934348-F6E8-548C-CF06-35F508679A93}"
EndProject
Project("{FAE04EC0-301F-11D3-BF4B-00C04F79EFBC}") = "Unity.Services.Core.Editor", "Unity.Services.Core.Editor.csproj", "{E1BE3C73-1E21-876D-4E0F-5973B9941552}"
EndProject
Project("{FAE04EC0-301F-11D3-BF4B-00C04F79EFBC}") = "Unity.Timeline.Editor", "Unity.Timeline.Editor.csproj", "{643959A8-289A-6A49-3232-AC95153BA87E}"
EndProject
Project("{FAE04EC0-301F-11D3-BF4B-00C04F79EFBC}") = "Unity.VisualStudio.Editor", "Unity.VisualStudio.Editor.csproj", "{934CE64C-4546-3FF5-E38B-7CC23EF63216}"
EndProject
Project("{FAE04EC0-301F-11D3-BF4B-00C04F79EFBC}") = "Unity.2D.Psdimporter.Editor", "Unity.2D.Psdimporter.Editor.csproj", "{3E27EABF-DBF2-2EB9-4E30-0A10C383B8E6}"
EndProject
Project("{FAE04EC0-301F-11D3-BF4B-00C04F79EFBC}") = "Unity.2D.Animation.Editor", "Unity.2D.Animation.Editor.csproj", "{03FB398F-FEB1-ADC8-A723-EDEF9AD0CBD5}"
EndProject
Project("{FAE04EC0-301F-11D3-BF4B-00C04F79EFBC}") = "Unity.TextMeshPro.Editor", "Unity.TextMeshPro.Editor.csproj", "{8AE9144D-6509-76ED-B576-3D48BBCFD6FC}"
EndProject
Project("{FAE04EC0-301F-11D3-BF4B-00C04F79EFBC}") = "Unity.2D.SpriteShape.Editor", "Unity.2D.SpriteShape.Editor.csproj", "{ED75E55D-954D-2767-4C2E-C3542F289652}"
EndProject
Project("{FAE04EC0-301F-11D3-BF4B-00C04F79EFBC}") = "Unity.CollabProxy.Editor", "Unity.CollabProxy.Editor.csproj", "{1BD64C87-F714-6606-8CA0-C228B52E183B}"
EndProject
Project("{FAE04EC0-301F-11D3-BF4B-00C04F79EFBC}") = "PsdPlugin", "PsdPlugin.csproj", "{65E6A03F-8E8F-858D-49D6-BE32482C1814}"
EndProject
Project("{FAE04EC0-301F-11D3-BF4B-00C04F79EFBC}") = "Unity.2D.Path.Editor", "Unity.2D.Path.Editor.csproj", "{7ED72345-F0D8-56E5-5DAF-AD4FCB57F40E}"
EndProject
Project("{FAE04EC0-301F-11D3-BF4B-00C04F79EFBC}") = "Unity.Mobile.AndroidLogcat.Editor", "Unity.Mobile.AndroidLogcat.Editor.csproj", "{D4AD0AD3-7AF8-E2E7-1493-B4184D12D834}"
EndProject
Project("{FAE04EC0-301F-11D3-BF4B-00C04F79EFBC}") = "Unity.Rider.Editor", "Unity.Rider.Editor.csproj", "{1A61BD41-A3A0-9976-3AEB-D10DFAD67AEC}"
EndProject
Project("{FAE04EC0-301F-11D3-BF4B-00C04F79EFBC}") = "Unity.2D.IK.Editor", "Unity.2D.IK.Editor.csproj", "{9272FFC8-D670-858F-BCA0-2366809998F2}"
EndProject
Project("{FAE04EC0-301F-11D3-BF4B-00C04F79EFBC}") = "Unity.2D.Sprite.Editor", "Unity.2D.Sprite.Editor.csproj", "{E0A79BA2-8FC7-B6E0-7281-1E3BA178E65D}"
EndProject
Project("{FAE04EC0-301F-11D3-BF4B-00C04F79EFBC}") = "Unity.2D.Tilemap.Editor", "Unity.2D.Tilemap.Editor.csproj", "{BE5A29F1-E16A-0732-27C0-A967E3F8C334}"
EndProject
Project("{FAE04EC0-301F-11D3-BF4B-00C04F79EFBC}") = "Unity.2D.PixelPerfect.Editor", "Unity.2D.PixelPerfect.Editor.csproj", "{98F53FC0-A4C3-9188-132A-FE209658B789}"
EndProject
Project("{FAE04EC0-301F-11D3-BF4B-00C04F79EFBC}") = "Unity.VSCode.Editor", "Unity.VSCode.Editor.csproj", "{DAD65C79-B2A7-56CE-8A20-53251E8370A6}"
EndProject
Project("{FAE04EC0-301F-11D3-BF4B-00C04F79EFBC}") = "Unity.Notifications", "Unity.Notifications.csproj", "{64A06797-2749-212D-6011-77CE621920F2}"
EndProject
Project("{FAE04EC0-301F-11D3-BF4B-00C04F79EFBC}") = "Unity.2D.Common.Editor", "Unity.2D.Common.Editor.csproj", "{D31F28C5-BC18-CAEC-73E9-DC1864900F68}"
EndProject
Project("{FAE04EC0-301F-11D3-BF4B-00C04F79EFBC}") = "Unity.Mathematics.Editor", "Unity.Mathematics.Editor.csproj", "{82D5AFF9-6F98-75D9-6D89-6C1EF6C7343F}"
EndProject
Project("{FAE04EC0-301F-11D3-BF4B-00C04F79EFBC}") = "Unity.InternalAPIEditorBridge.001", "Unity.InternalAPIEditorBridge.001.csproj", "{B1DFFA94-2520-8F93-0383-B04BEAEDD717}"
EndProject
Global
	GlobalSection(SolutionConfigurationPlatforms) = preSolution
		Debug|Any CPU = Debug|Any CPU
		Release|Any CPU = Release|Any CPU
	EndGlobalSection
	GlobalSection(ProjectConfigurationPlatforms) = postSolution
		{D69C278C-4115-03E3-98EA-7B9899B32F66}.Debug|Any CPU.ActiveCfg = Debug|Any CPU
		{D69C278C-4115-03E3-98EA-7B9899B32F66}.Debug|Any CPU.Build.0 = Debug|Any CPU
		{D69C278C-4115-03E3-98EA-7B9899B32F66}.Release|Any CPU.ActiveCfg = Release|Any CPU
		{D69C278C-4115-03E3-98EA-7B9899B32F66}.Release|Any CPU.Build.0 = Release|Any CPU
		{3A4448F3-EA9E-CCB1-F0E2-60CB10F84871}.Debug|Any CPU.ActiveCfg = Debug|Any CPU
		{3A4448F3-EA9E-CCB1-F0E2-60CB10F84871}.Debug|Any CPU.Build.0 = Debug|Any CPU
		{3A4448F3-EA9E-CCB1-F0E2-60CB10F84871}.Release|Any CPU.ActiveCfg = Release|Any CPU
		{3A4448F3-EA9E-CCB1-F0E2-60CB10F84871}.Release|Any CPU.Build.0 = Release|Any CPU
		{8F2DD557-1632-74D2-78D6-04DACE128FBF}.Debug|Any CPU.ActiveCfg = Debug|Any CPU
		{8F2DD557-1632-74D2-78D6-04DACE128FBF}.Debug|Any CPU.Build.0 = Debug|Any CPU
		{8F2DD557-1632-74D2-78D6-04DACE128FBF}.Release|Any CPU.ActiveCfg = Release|Any CPU
		{8F2DD557-1632-74D2-78D6-04DACE128FBF}.Release|Any CPU.Build.0 = Release|Any CPU
		{E42CA1F1-FFEF-2CA8-99A9-35C0AC5D10E1}.Debug|Any CPU.ActiveCfg = Debug|Any CPU
		{E42CA1F1-FFEF-2CA8-99A9-35C0AC5D10E1}.Debug|Any CPU.Build.0 = Debug|Any CPU
		{E42CA1F1-FFEF-2CA8-99A9-35C0AC5D10E1}.Release|Any CPU.ActiveCfg = Release|Any CPU
		{E42CA1F1-FFEF-2CA8-99A9-35C0AC5D10E1}.Release|Any CPU.Build.0 = Release|Any CPU
		{C653CE62-1525-77F9-2BD7-5BA88EC1F7C3}.Debug|Any CPU.ActiveCfg = Debug|Any CPU
		{C653CE62-1525-77F9-2BD7-5BA88EC1F7C3}.Debug|Any CPU.Build.0 = Debug|Any CPU
		{C653CE62-1525-77F9-2BD7-5BA88EC1F7C3}.Release|Any CPU.ActiveCfg = Release|Any CPU
		{C653CE62-1525-77F9-2BD7-5BA88EC1F7C3}.Release|Any CPU.Build.0 = Release|Any CPU
		{791F1D33-26F0-EB36-ADA2-F0D30AF7434A}.Debug|Any CPU.ActiveCfg = Debug|Any CPU
		{791F1D33-26F0-EB36-ADA2-F0D30AF7434A}.Debug|Any CPU.Build.0 = Debug|Any CPU
		{791F1D33-26F0-EB36-ADA2-F0D30AF7434A}.Release|Any CPU.ActiveCfg = Release|Any CPU
		{791F1D33-26F0-EB36-ADA2-F0D30AF7434A}.Release|Any CPU.Build.0 = Release|Any CPU
		{C77E85F3-1BDB-987E-7F2D-AF26979A423A}.Debug|Any CPU.ActiveCfg = Debug|Any CPU
		{C77E85F3-1BDB-987E-7F2D-AF26979A423A}.Debug|Any CPU.Build.0 = Debug|Any CPU
		{C77E85F3-1BDB-987E-7F2D-AF26979A423A}.Release|Any CPU.ActiveCfg = Release|Any CPU
		{C77E85F3-1BDB-987E-7F2D-AF26979A423A}.Release|Any CPU.Build.0 = Release|Any CPU
		{94D2E969-DD70-9779-F6E4-83DD966A5EE6}.Debug|Any CPU.ActiveCfg = Debug|Any CPU
		{94D2E969-DD70-9779-F6E4-83DD966A5EE6}.Debug|Any CPU.Build.0 = Debug|Any CPU
		{94D2E969-DD70-9779-F6E4-83DD966A5EE6}.Release|Any CPU.ActiveCfg = Release|Any CPU
		{94D2E969-DD70-9779-F6E4-83DD966A5EE6}.Release|Any CPU.Build.0 = Release|Any CPU
		{C3572729-5024-48C8-C87D-4237C917F215}.Debug|Any CPU.ActiveCfg = Debug|Any CPU
		{C3572729-5024-48C8-C87D-4237C917F215}.Debug|Any CPU.Build.0 = Debug|Any CPU
		{C3572729-5024-48C8-C87D-4237C917F215}.Release|Any CPU.ActiveCfg = Release|Any CPU
		{C3572729-5024-48C8-C87D-4237C917F215}.Release|Any CPU.Build.0 = Release|Any CPU
		{C5239386-4961-60BE-7EC2-DD20A9772E11}.Debug|Any CPU.ActiveCfg = Debug|Any CPU
		{C5239386-4961-60BE-7EC2-DD20A9772E11}.Debug|Any CPU.Build.0 = Debug|Any CPU
		{C5239386-4961-60BE-7EC2-DD20A9772E11}.Release|Any CPU.ActiveCfg = Release|Any CPU
		{C5239386-4961-60BE-7EC2-DD20A9772E11}.Release|Any CPU.Build.0 = Release|Any CPU
		{8FC65697-FB15-CA64-895F-AEB0C260AB0E}.Debug|Any CPU.ActiveCfg = Debug|Any CPU
		{8FC65697-FB15-CA64-895F-AEB0C260AB0E}.Debug|Any CPU.Build.0 = Debug|Any CPU
		{8FC65697-FB15-CA64-895F-AEB0C260AB0E}.Release|Any CPU.ActiveCfg = Release|Any CPU
		{8FC65697-FB15-CA64-895F-AEB0C260AB0E}.Release|Any CPU.Build.0 = Release|Any CPU
		{D52F17CE-E434-4210-4536-9075AF3D9D1C}.Debug|Any CPU.ActiveCfg = Debug|Any CPU
		{D52F17CE-E434-4210-4536-9075AF3D9D1C}.Debug|Any CPU.Build.0 = Debug|Any CPU
		{D52F17CE-E434-4210-4536-9075AF3D9D1C}.Release|Any CPU.ActiveCfg = Release|Any CPU
		{D52F17CE-E434-4210-4536-9075AF3D9D1C}.Release|Any CPU.Build.0 = Release|Any CPU
		{2A48A194-077D-BBDC-715A-66E4227E190C}.Debug|Any CPU.ActiveCfg = Debug|Any CPU
		{2A48A194-077D-BBDC-715A-66E4227E190C}.Debug|Any CPU.Build.0 = Debug|Any CPU
		{2A48A194-077D-BBDC-715A-66E4227E190C}.Release|Any CPU.ActiveCfg = Release|Any CPU
		{2A48A194-077D-BBDC-715A-66E4227E190C}.Release|Any CPU.Build.0 = Release|Any CPU
		{B2680491-A243-F69D-0B42-C55922A72585}.Debug|Any CPU.ActiveCfg = Debug|Any CPU
		{B2680491-A243-F69D-0B42-C55922A72585}.Debug|Any CPU.Build.0 = Debug|Any CPU
		{B2680491-A243-F69D-0B42-C55922A72585}.Release|Any CPU.ActiveCfg = Release|Any CPU
		{B2680491-A243-F69D-0B42-C55922A72585}.Release|Any CPU.Build.0 = Release|Any CPU
		{C87C19AB-6A71-500F-EA5D-82B1EECC2F74}.Debug|Any CPU.ActiveCfg = Debug|Any CPU
		{C87C19AB-6A71-500F-EA5D-82B1EECC2F74}.Debug|Any CPU.Build.0 = Debug|Any CPU
		{C87C19AB-6A71-500F-EA5D-82B1EECC2F74}.Release|Any CPU.ActiveCfg = Release|Any CPU
		{C87C19AB-6A71-500F-EA5D-82B1EECC2F74}.Release|Any CPU.Build.0 = Release|Any CPU
		{F98C24BA-87FC-9E7D-7A3F-05314998DBF6}.Debug|Any CPU.ActiveCfg = Debug|Any CPU
		{F98C24BA-87FC-9E7D-7A3F-05314998DBF6}.Debug|Any CPU.Build.0 = Debug|Any CPU
		{F98C24BA-87FC-9E7D-7A3F-05314998DBF6}.Release|Any CPU.ActiveCfg = Release|Any CPU
		{F98C24BA-87FC-9E7D-7A3F-05314998DBF6}.Release|Any CPU.Build.0 = Release|Any CPU
		{C4DD1748-070E-ADFC-93B5-41A7C638F6DD}.Debug|Any CPU.ActiveCfg = Debug|Any CPU
		{C4DD1748-070E-ADFC-93B5-41A7C638F6DD}.Debug|Any CPU.Build.0 = Debug|Any CPU
		{C4DD1748-070E-ADFC-93B5-41A7C638F6DD}.Release|Any CPU.ActiveCfg = Release|Any CPU
		{C4DD1748-070E-ADFC-93B5-41A7C638F6DD}.Release|Any CPU.Build.0 = Release|Any CPU
		{50934348-F6E8-548C-CF06-35F508679A93}.Debug|Any CPU.ActiveCfg = Debug|Any CPU
		{50934348-F6E8-548C-CF06-35F508679A93}.Debug|Any CPU.Build.0 = Debug|Any CPU
		{50934348-F6E8-548C-CF06-35F508679A93}.Release|Any CPU.ActiveCfg = Release|Any CPU
		{50934348-F6E8-548C-CF06-35F508679A93}.Release|Any CPU.Build.0 = Release|Any CPU
		{E1BE3C73-1E21-876D-4E0F-5973B9941552}.Debug|Any CPU.ActiveCfg = Debug|Any CPU
		{E1BE3C73-1E21-876D-4E0F-5973B9941552}.Debug|Any CPU.Build.0 = Debug|Any CPU
		{E1BE3C73-1E21-876D-4E0F-5973B9941552}.Release|Any CPU.ActiveCfg = Release|Any CPU
		{E1BE3C73-1E21-876D-4E0F-5973B9941552}.Release|Any CPU.Build.0 = Release|Any CPU
		{643959A8-289A-6A49-3232-AC95153BA87E}.Debug|Any CPU.ActiveCfg = Debug|Any CPU
		{643959A8-289A-6A49-3232-AC95153BA87E}.Debug|Any CPU.Build.0 = Debug|Any CPU
		{643959A8-289A-6A49-3232-AC95153BA87E}.Release|Any CPU.ActiveCfg = Release|Any CPU
		{643959A8-289A-6A49-3232-AC95153BA87E}.Release|Any CPU.Build.0 = Release|Any CPU
		{934CE64C-4546-3FF5-E38B-7CC23EF63216}.Debug|Any CPU.ActiveCfg = Debug|Any CPU
		{934CE64C-4546-3FF5-E38B-7CC23EF63216}.Debug|Any CPU.Build.0 = Debug|Any CPU
		{934CE64C-4546-3FF5-E38B-7CC23EF63216}.Release|Any CPU.ActiveCfg = Release|Any CPU
		{934CE64C-4546-3FF5-E38B-7CC23EF63216}.Release|Any CPU.Build.0 = Release|Any CPU
		{3E27EABF-DBF2-2EB9-4E30-0A10C383B8E6}.Debug|Any CPU.ActiveCfg = Debug|Any CPU
		{3E27EABF-DBF2-2EB9-4E30-0A10C383B8E6}.Debug|Any CPU.Build.0 = Debug|Any CPU
		{3E27EABF-DBF2-2EB9-4E30-0A10C383B8E6}.Release|Any CPU.ActiveCfg = Release|Any CPU
		{3E27EABF-DBF2-2EB9-4E30-0A10C383B8E6}.Release|Any CPU.Build.0 = Release|Any CPU
		{03FB398F-FEB1-ADC8-A723-EDEF9AD0CBD5}.Debug|Any CPU.ActiveCfg = Debug|Any CPU
		{03FB398F-FEB1-ADC8-A723-EDEF9AD0CBD5}.Debug|Any CPU.Build.0 = Debug|Any CPU
		{03FB398F-FEB1-ADC8-A723-EDEF9AD0CBD5}.Release|Any CPU.ActiveCfg = Release|Any CPU
		{03FB398F-FEB1-ADC8-A723-EDEF9AD0CBD5}.Release|Any CPU.Build.0 = Release|Any CPU
		{8AE9144D-6509-76ED-B576-3D48BBCFD6FC}.Debug|Any CPU.ActiveCfg = Debug|Any CPU
		{8AE9144D-6509-76ED-B576-3D48BBCFD6FC}.Debug|Any CPU.Build.0 = Debug|Any CPU
		{8AE9144D-6509-76ED-B576-3D48BBCFD6FC}.Release|Any CPU.ActiveCfg = Release|Any CPU
		{8AE9144D-6509-76ED-B576-3D48BBCFD6FC}.Release|Any CPU.Build.0 = Release|Any CPU
		{ED75E55D-954D-2767-4C2E-C3542F289652}.Debug|Any CPU.ActiveCfg = Debug|Any CPU
		{ED75E55D-954D-2767-4C2E-C3542F289652}.Debug|Any CPU.Build.0 = Debug|Any CPU
		{ED75E55D-954D-2767-4C2E-C3542F289652}.Release|Any CPU.ActiveCfg = Release|Any CPU
		{ED75E55D-954D-2767-4C2E-C3542F289652}.Release|Any CPU.Build.0 = Release|Any CPU
		{1BD64C87-F714-6606-8CA0-C228B52E183B}.Debug|Any CPU.ActiveCfg = Debug|Any CPU
		{1BD64C87-F714-6606-8CA0-C228B52E183B}.Debug|Any CPU.Build.0 = Debug|Any CPU
		{1BD64C87-F714-6606-8CA0-C228B52E183B}.Release|Any CPU.ActiveCfg = Release|Any CPU
		{1BD64C87-F714-6606-8CA0-C228B52E183B}.Release|Any CPU.Build.0 = Release|Any CPU
		{65E6A03F-8E8F-858D-49D6-BE32482C1814}.Debug|Any CPU.ActiveCfg = Debug|Any CPU
		{65E6A03F-8E8F-858D-49D6-BE32482C1814}.Debug|Any CPU.Build.0 = Debug|Any CPU
		{65E6A03F-8E8F-858D-49D6-BE32482C1814}.Release|Any CPU.ActiveCfg = Release|Any CPU
		{65E6A03F-8E8F-858D-49D6-BE32482C1814}.Release|Any CPU.Build.0 = Release|Any CPU
		{7ED72345-F0D8-56E5-5DAF-AD4FCB57F40E}.Debug|Any CPU.ActiveCfg = Debug|Any CPU
		{7ED72345-F0D8-56E5-5DAF-AD4FCB57F40E}.Debug|Any CPU.Build.0 = Debug|Any CPU
		{7ED72345-F0D8-56E5-5DAF-AD4FCB57F40E}.Release|Any CPU.ActiveCfg = Release|Any CPU
		{7ED72345-F0D8-56E5-5DAF-AD4FCB57F40E}.Release|Any CPU.Build.0 = Release|Any CPU
		{D4AD0AD3-7AF8-E2E7-1493-B4184D12D834}.Debug|Any CPU.ActiveCfg = Debug|Any CPU
		{D4AD0AD3-7AF8-E2E7-1493-B4184D12D834}.Debug|Any CPU.Build.0 = Debug|Any CPU
		{D4AD0AD3-7AF8-E2E7-1493-B4184D12D834}.Release|Any CPU.ActiveCfg = Release|Any CPU
		{D4AD0AD3-7AF8-E2E7-1493-B4184D12D834}.Release|Any CPU.Build.0 = Release|Any CPU
		{1A61BD41-A3A0-9976-3AEB-D10DFAD67AEC}.Debug|Any CPU.ActiveCfg = Debug|Any CPU
		{1A61BD41-A3A0-9976-3AEB-D10DFAD67AEC}.Debug|Any CPU.Build.0 = Debug|Any CPU
		{1A61BD41-A3A0-9976-3AEB-D10DFAD67AEC}.Release|Any CPU.ActiveCfg = Release|Any CPU
		{1A61BD41-A3A0-9976-3AEB-D10DFAD67AEC}.Release|Any CPU.Build.0 = Release|Any CPU
		{9272FFC8-D670-858F-BCA0-2366809998F2}.Debug|Any CPU.ActiveCfg = Debug|Any CPU
		{9272FFC8-D670-858F-BCA0-2366809998F2}.Debug|Any CPU.Build.0 = Debug|Any CPU
		{9272FFC8-D670-858F-BCA0-2366809998F2}.Release|Any CPU.ActiveCfg = Release|Any CPU
		{9272FFC8-D670-858F-BCA0-2366809998F2}.Release|Any CPU.Build.0 = Release|Any CPU
		{E0A79BA2-8FC7-B6E0-7281-1E3BA178E65D}.Debug|Any CPU.ActiveCfg = Debug|Any CPU
		{E0A79BA2-8FC7-B6E0-7281-1E3BA178E65D}.Debug|Any CPU.Build.0 = Debug|Any CPU
		{E0A79BA2-8FC7-B6E0-7281-1E3BA178E65D}.Release|Any CPU.ActiveCfg = Release|Any CPU
		{E0A79BA2-8FC7-B6E0-7281-1E3BA178E65D}.Release|Any CPU.Build.0 = Release|Any CPU
		{BE5A29F1-E16A-0732-27C0-A967E3F8C334}.Debug|Any CPU.ActiveCfg = Debug|Any CPU
		{BE5A29F1-E16A-0732-27C0-A967E3F8C334}.Debug|Any CPU.Build.0 = Debug|Any CPU
		{BE5A29F1-E16A-0732-27C0-A967E3F8C334}.Release|Any CPU.ActiveCfg = Release|Any CPU
		{BE5A29F1-E16A-0732-27C0-A967E3F8C334}.Release|Any CPU.Build.0 = Release|Any CPU
		{98F53FC0-A4C3-9188-132A-FE209658B789}.Debug|Any CPU.ActiveCfg = Debug|Any CPU
		{98F53FC0-A4C3-9188-132A-FE209658B789}.Debug|Any CPU.Build.0 = Debug|Any CPU
		{98F53FC0-A4C3-9188-132A-FE209658B789}.Release|Any CPU.ActiveCfg = Release|Any CPU
		{98F53FC0-A4C3-9188-132A-FE209658B789}.Release|Any CPU.Build.0 = Release|Any CPU
		{DAD65C79-B2A7-56CE-8A20-53251E8370A6}.Debug|Any CPU.ActiveCfg = Debug|Any CPU
		{DAD65C79-B2A7-56CE-8A20-53251E8370A6}.Debug|Any CPU.Build.0 = Debug|Any CPU
		{DAD65C79-B2A7-56CE-8A20-53251E8370A6}.Release|Any CPU.ActiveCfg = Release|Any CPU
		{DAD65C79-B2A7-56CE-8A20-53251E8370A6}.Release|Any CPU.Build.0 = Release|Any CPU
		{64A06797-2749-212D-6011-77CE621920F2}.Debug|Any CPU.ActiveCfg = Debug|Any CPU
		{64A06797-2749-212D-6011-77CE621920F2}.Debug|Any CPU.Build.0 = Debug|Any CPU
		{64A06797-2749-212D-6011-77CE621920F2}.Release|Any CPU.ActiveCfg = Release|Any CPU
		{64A06797-2749-212D-6011-77CE621920F2}.Release|Any CPU.Build.0 = Release|Any CPU
		{D31F28C5-BC18-CAEC-73E9-DC1864900F68}.Debug|Any CPU.ActiveCfg = Debug|Any CPU
		{D31F28C5-BC18-CAEC-73E9-DC1864900F68}.Debug|Any CPU.Build.0 = Debug|Any CPU
		{D31F28C5-BC18-CAEC-73E9-DC1864900F68}.Release|Any CPU.ActiveCfg = Release|Any CPU
		{D31F28C5-BC18-CAEC-73E9-DC1864900F68}.Release|Any CPU.Build.0 = Release|Any CPU
		{82D5AFF9-6F98-75D9-6D89-6C1EF6C7343F}.Debug|Any CPU.ActiveCfg = Debug|Any CPU
		{82D5AFF9-6F98-75D9-6D89-6C1EF6C7343F}.Debug|Any CPU.Build.0 = Debug|Any CPU
		{82D5AFF9-6F98-75D9-6D89-6C1EF6C7343F}.Release|Any CPU.ActiveCfg = Release|Any CPU
		{82D5AFF9-6F98-75D9-6D89-6C1EF6C7343F}.Release|Any CPU.Build.0 = Release|Any CPU
		{B1DFFA94-2520-8F93-0383-B04BEAEDD717}.Debug|Any CPU.ActiveCfg = Debug|Any CPU
		{B1DFFA94-2520-8F93-0383-B04BEAEDD717}.Debug|Any CPU.Build.0 = Debug|Any CPU
		{B1DFFA94-2520-8F93-0383-B04BEAEDD717}.Release|Any CPU.ActiveCfg = Release|Any CPU
		{B1DFFA94-2520-8F93-0383-B04BEAEDD717}.Release|Any CPU.Build.0 = Release|Any CPU
	EndGlobalSection
	GlobalSection(SolutionProperties) = preSolution
		HideSolutionNode = FALSE
	EndGlobalSection
EndGlobal
